
Microsoft Visual Studio Solution File, Format Version 12.00
# Visual Studio 2012
Project("{FAE04EC0-301F-11D3-BF4B-00C04F79EFBC}") = "SqlTester", "SqlTester\SqlTester.csproj", "{0F145EDD-5588-4A8F-8E80-BA409F252CFC}"
EndProject
Global
	GlobalSection(SolutionConfigurationPlatforms) = preSolution
		Debug|iPhoneSimulator = Debug|iPhoneSimulator
		Release|iPhone = Release|iPhone
		Release|iPhoneSimulator = Release|iPhoneSimulator
		Debug|iPhone = Debug|iPhone
	EndGlobalSection
	GlobalSection(ProjectConfigurationPlatforms) = postSolution
		{0F145EDD-5588-4A8F-8E80-BA409F252CFC}.Debug|iPhone.ActiveCfg = Debug|iPhone
		{0F145EDD-5588-4A8F-8E80-BA409F252CFC}.Debug|iPhone.Build.0 = Debug|iPhone
		{0F145EDD-5588-4A8F-8E80-BA409F252CFC}.Debug|iPhoneSimulator.ActiveCfg = Debug|iPhoneSimulator
		{0F145EDD-5588-4A8F-8E80-BA409F252CFC}.Debug|iPhoneSimulator.Build.0 = Debug|iPhoneSimulator
		{0F145EDD-5588-4A8F-8E80-BA409F252CFC}.Release|iPhone.ActiveCfg = Release|iPhone
		{0F145EDD-5588-4A8F-8E80-BA409F252CFC}.Release|iPhone.Build.0 = Release|iPhone
		{0F145EDD-5588-4A8F-8E80-BA409F252CFC}.Release|iPhoneSimulator.ActiveCfg = Release|iPhoneSimulator
		{0F145EDD-5588-4A8F-8E80-BA409F252CFC}.Release|iPhoneSimulator.Build.0 = Release|iPhoneSimulator
	EndGlobalSection
EndGlobal
